
Microsoft Visual Studio Solution File, Format Version 12.00
# Visual Studio Version 16
VisualStudioVersion = 16.0.29728.190
MinimumVisualStudioVersion = 10.0.40219.1
Project("{9A19103F-16F7-4668-BE54-9A1E7A4F7556}") = "C01_CookieBasics", "C01_CookieBasics\C01_CookieBasics.csproj", "{EEF0BBD6-445F-42B7-A39A-3C3F348FB0AC}"
EndProject
Project("{9A19103F-16F7-4668-BE54-9A1E7A4F7556}") = "I01_IdentityBasics", "I01_IdentityBasics\I01_IdentityBasics.csproj", "{33825D46-69F4-4DC8-A88E-4B0A68E4C005}"
EndProject
Project("{9A19103F-16F7-4668-BE54-9A1E7A4F7556}") = "I02_IdentityEmailConfirm", "I02_IdentityEmailConfirm\I02_IdentityEmailConfirm.csproj", "{D3672644-6BFE-49BA-9DA5-78B9A2DA1E10}"
EndProject
Project("{9A19103F-16F7-4668-BE54-9A1E7A4F7556}") = "I03_IdentityResetPassword", "I03_IdentityResetPassword\I03_IdentityResetPassword.csproj", "{BEE78940-6B77-476C-A32F-1BC2EE5B3B91}"
EndProject
Project("{9A19103F-16F7-4668-BE54-9A1E7A4F7556}") = "C02_CookieAuthPolicy", "C02_CookieAuthPolicy\C02_CookieAuthPolicy.csproj", "{FD54AB9B-1955-4775-A6D7-BA501A861124}"
EndProject
Project("{2150E333-8FDC-42A3-9474-1A3956D46DE8}") = "IS401_IdentityServerBasics", "IS401_IdentityServerBasics", "{31F12765-47A2-4193-9C9B-090249064538}"
	ProjectSection(SolutionItems) = preProject
		IS401_IdentityServerBasics\README.md = IS401_IdentityServerBasics\README.md
		IS401_IdentityServerBasics\RunAll.bat = IS401_IdentityServerBasics\RunAll.bat
	EndProjectSection
EndProject
Project("{9A19103F-16F7-4668-BE54-9A1E7A4F7556}") = "IS401_IdentityServer", "IS401_IdentityServerBasics\IS401_IdentityServer\IS401_IdentityServer.csproj", "{AAF481CF-94FA-48E6-A302-3DD1DCBFBDE9}"
EndProject
Project("{9A19103F-16F7-4668-BE54-9A1E7A4F7556}") = "IS401_TestApi", "IS401_IdentityServerBasics\IS401_TestApi\IS401_TestApi.csproj", "{AC8B60E3-C3BE-4699-8EA5-41F08607A6F1}"
EndProject
Project("{9A19103F-16F7-4668-BE54-9A1E7A4F7556}") = "IS401_TestApiClient", "IS401_IdentityServerBasics\IS401_TestApiClient\IS401_TestApiClient.csproj", "{5F0B770D-F659-4605-AC7A-E037CDFBA43A}"
EndProject
Project("{2150E333-8FDC-42A3-9474-1A3956D46DE8}") = "IS402_IdentityServerMvcClient", "IS402_IdentityServerMvcClient", "{C6AA7548-9A38-4B2F-857A-98D0A0CF929E}"
	ProjectSection(SolutionItems) = preProject
		IS402_IdentityServerMvcClient\README.md = IS402_IdentityServerMvcClient\README.md
		IS402_IdentityServerMvcClient\RunAll.bat = IS402_IdentityServerMvcClient\RunAll.bat
	EndProjectSection
EndProject
Project("{9A19103F-16F7-4668-BE54-9A1E7A4F7556}") = "IS402_IdentityServer", "IS402_IdentityServerMvcClient\IS402_IdentityServer\IS402_IdentityServer.csproj", "{41D8521B-0180-44AE-9282-2E90DA37A1B1}"
EndProject
Project("{9A19103F-16F7-4668-BE54-9A1E7A4F7556}") = "IS402_TestApi", "IS402_IdentityServerMvcClient\IS402_TestApi\IS402_TestApi.csproj", "{8456B526-6167-442F-BFE2-83120F354308}"
EndProject
Project("{9A19103F-16F7-4668-BE54-9A1E7A4F7556}") = "IS402_TestApiClient", "IS402_IdentityServerMvcClient\IS402_TestApiClient\IS402_TestApiClient.csproj", "{9785C838-6536-46C3-8E92-8D3B570BB565}"
EndProject
Project("{9A19103F-16F7-4668-BE54-9A1E7A4F7556}") = "IS402_TestMvcClient", "IS402_IdentityServerMvcClient\IS402_TestMvcClient\IS402_TestMvcClient.csproj", "{6585C580-612E-4B87-A169-55DECE479C40}"
EndProject
Project("{2150E333-8FDC-42A3-9474-1A3956D46DE8}") = "IS403_IdentityServerAspNetIdentity", "IS403_IdentityServerAspNetIdentity", "{BD76A78B-9170-40D9-B989-F066A52DC756}"
	ProjectSection(SolutionItems) = preProject
		IS403_IdentityServerAspNetIdentity\CreateIdentityDatabase.sql = IS403_IdentityServerAspNetIdentity\CreateIdentityDatabase.sql
		IS403_IdentityServerAspNetIdentity\CreateIdentityLoggingDatabase.sql = IS403_IdentityServerAspNetIdentity\CreateIdentityLoggingDatabase.sql
		IS403_IdentityServerAspNetIdentity\NewDatabaseWindow_Identity.PNG = IS403_IdentityServerAspNetIdentity\NewDatabaseWindow_Identity.PNG
		IS403_IdentityServerAspNetIdentity\NewDatabaseWindow_IdentityLogging.PNG = IS403_IdentityServerAspNetIdentity\NewDatabaseWindow_IdentityLogging.PNG
		IS403_IdentityServerAspNetIdentity\README.md = IS403_IdentityServerAspNetIdentity\README.md
	EndProjectSection
EndProject
Project("{9A19103F-16F7-4668-BE54-9A1E7A4F7556}") = "IS403_MvcClient", "IS403_IdentityServerAspNetIdentity\IS403_MvcClient\IS403_MvcClient.csproj", "{BAB00BF5-40B9-49EC-8D5D-4D7FAB3F95E9}"
EndProject
Project("{9A19103F-16F7-4668-BE54-9A1E7A4F7556}") = "IS403_IdentityServer", "IS403_IdentityServerAspNetIdentity\IS403_IdentityServer\IS403_IdentityServer.csproj", "{51729BB9-6DFD-4739-864F-12B2178EE943}"
EndProject
Global
	GlobalSection(SolutionConfigurationPlatforms) = preSolution
		Debug|Any CPU = Debug|Any CPU
		Release|Any CPU = Release|Any CPU
	EndGlobalSection
	GlobalSection(ProjectConfigurationPlatforms) = postSolution
		{EEF0BBD6-445F-42B7-A39A-3C3F348FB0AC}.Debug|Any CPU.ActiveCfg = Debug|Any CPU
		{EEF0BBD6-445F-42B7-A39A-3C3F348FB0AC}.Debug|Any CPU.Build.0 = Debug|Any CPU
		{EEF0BBD6-445F-42B7-A39A-3C3F348FB0AC}.Release|Any CPU.ActiveCfg = Release|Any CPU
		{EEF0BBD6-445F-42B7-A39A-3C3F348FB0AC}.Release|Any CPU.Build.0 = Release|Any CPU
		{33825D46-69F4-4DC8-A88E-4B0A68E4C005}.Debug|Any CPU.ActiveCfg = Debug|Any CPU
		{33825D46-69F4-4DC8-A88E-4B0A68E4C005}.Debug|Any CPU.Build.0 = Debug|Any CPU
		{33825D46-69F4-4DC8-A88E-4B0A68E4C005}.Release|Any CPU.ActiveCfg = Release|Any CPU
		{33825D46-69F4-4DC8-A88E-4B0A68E4C005}.Release|Any CPU.Build.0 = Release|Any CPU
		{D3672644-6BFE-49BA-9DA5-78B9A2DA1E10}.Debug|Any CPU.ActiveCfg = Debug|Any CPU
		{D3672644-6BFE-49BA-9DA5-78B9A2DA1E10}.Debug|Any CPU.Build.0 = Debug|Any CPU
		{D3672644-6BFE-49BA-9DA5-78B9A2DA1E10}.Release|Any CPU.ActiveCfg = Release|Any CPU
		{D3672644-6BFE-49BA-9DA5-78B9A2DA1E10}.Release|Any CPU.Build.0 = Release|Any CPU
		{BEE78940-6B77-476C-A32F-1BC2EE5B3B91}.Debug|Any CPU.ActiveCfg = Debug|Any CPU
		{BEE78940-6B77-476C-A32F-1BC2EE5B3B91}.Debug|Any CPU.Build.0 = Debug|Any CPU
		{BEE78940-6B77-476C-A32F-1BC2EE5B3B91}.Release|Any CPU.ActiveCfg = Release|Any CPU
		{BEE78940-6B77-476C-A32F-1BC2EE5B3B91}.Release|Any CPU.Build.0 = Release|Any CPU
		{FD54AB9B-1955-4775-A6D7-BA501A861124}.Debug|Any CPU.ActiveCfg = Debug|Any CPU
		{FD54AB9B-1955-4775-A6D7-BA501A861124}.Debug|Any CPU.Build.0 = Debug|Any CPU
		{FD54AB9B-1955-4775-A6D7-BA501A861124}.Release|Any CPU.ActiveCfg = Release|Any CPU
		{FD54AB9B-1955-4775-A6D7-BA501A861124}.Release|Any CPU.Build.0 = Release|Any CPU
		{AAF481CF-94FA-48E6-A302-3DD1DCBFBDE9}.Debug|Any CPU.ActiveCfg = Debug|Any CPU
		{AAF481CF-94FA-48E6-A302-3DD1DCBFBDE9}.Debug|Any CPU.Build.0 = Debug|Any CPU
		{AAF481CF-94FA-48E6-A302-3DD1DCBFBDE9}.Release|Any CPU.ActiveCfg = Release|Any CPU
		{AAF481CF-94FA-48E6-A302-3DD1DCBFBDE9}.Release|Any CPU.Build.0 = Release|Any CPU
		{AC8B60E3-C3BE-4699-8EA5-41F08607A6F1}.Debug|Any CPU.ActiveCfg = Debug|Any CPU
		{AC8B60E3-C3BE-4699-8EA5-41F08607A6F1}.Debug|Any CPU.Build.0 = Debug|Any CPU
		{AC8B60E3-C3BE-4699-8EA5-41F08607A6F1}.Release|Any CPU.ActiveCfg = Release|Any CPU
		{AC8B60E3-C3BE-4699-8EA5-41F08607A6F1}.Release|Any CPU.Build.0 = Release|Any CPU
		{5F0B770D-F659-4605-AC7A-E037CDFBA43A}.Debug|Any CPU.ActiveCfg = Debug|Any CPU
		{5F0B770D-F659-4605-AC7A-E037CDFBA43A}.Debug|Any CPU.Build.0 = Debug|Any CPU
		{5F0B770D-F659-4605-AC7A-E037CDFBA43A}.Release|Any CPU.ActiveCfg = Release|Any CPU
		{5F0B770D-F659-4605-AC7A-E037CDFBA43A}.Release|Any CPU.Build.0 = Release|Any CPU
		{41D8521B-0180-44AE-9282-2E90DA37A1B1}.Debug|Any CPU.ActiveCfg = Debug|Any CPU
		{41D8521B-0180-44AE-9282-2E90DA37A1B1}.Debug|Any CPU.Build.0 = Debug|Any CPU
		{41D8521B-0180-44AE-9282-2E90DA37A1B1}.Release|Any CPU.ActiveCfg = Release|Any CPU
		{41D8521B-0180-44AE-9282-2E90DA37A1B1}.Release|Any CPU.Build.0 = Release|Any CPU
		{8456B526-6167-442F-BFE2-83120F354308}.Debug|Any CPU.ActiveCfg = Debug|Any CPU
		{8456B526-6167-442F-BFE2-83120F354308}.Debug|Any CPU.Build.0 = Debug|Any CPU
		{8456B526-6167-442F-BFE2-83120F354308}.Release|Any CPU.ActiveCfg = Release|Any CPU
		{8456B526-6167-442F-BFE2-83120F354308}.Release|Any CPU.Build.0 = Release|Any CPU
		{9785C838-6536-46C3-8E92-8D3B570BB565}.Debug|Any CPU.ActiveCfg = Debug|Any CPU
		{9785C838-6536-46C3-8E92-8D3B570BB565}.Debug|Any CPU.Build.0 = Debug|Any CPU
		{9785C838-6536-46C3-8E92-8D3B570BB565}.Release|Any CPU.ActiveCfg = Release|Any CPU
		{9785C838-6536-46C3-8E92-8D3B570BB565}.Release|Any CPU.Build.0 = Release|Any CPU
		{6585C580-612E-4B87-A169-55DECE479C40}.Debug|Any CPU.ActiveCfg = Debug|Any CPU
		{6585C580-612E-4B87-A169-55DECE479C40}.Debug|Any CPU.Build.0 = Debug|Any CPU
		{6585C580-612E-4B87-A169-55DECE479C40}.Release|Any CPU.ActiveCfg = Release|Any CPU
		{6585C580-612E-4B87-A169-55DECE479C40}.Release|Any CPU.Build.0 = Release|Any CPU
		{BAB00BF5-40B9-49EC-8D5D-4D7FAB3F95E9}.Debug|Any CPU.ActiveCfg = Debug|Any CPU
		{BAB00BF5-40B9-49EC-8D5D-4D7FAB3F95E9}.Debug|Any CPU.Build.0 = Debug|Any CPU
		{BAB00BF5-40B9-49EC-8D5D-4D7FAB3F95E9}.Release|Any CPU.ActiveCfg = Release|Any CPU
		{BAB00BF5-40B9-49EC-8D5D-4D7FAB3F95E9}.Release|Any CPU.Build.0 = Release|Any CPU
		{51729BB9-6DFD-4739-864F-12B2178EE943}.Debug|Any CPU.ActiveCfg = Debug|Any CPU
		{51729BB9-6DFD-4739-864F-12B2178EE943}.Debug|Any CPU.Build.0 = Debug|Any CPU
		{51729BB9-6DFD-4739-864F-12B2178EE943}.Release|Any CPU.ActiveCfg = Release|Any CPU
		{51729BB9-6DFD-4739-864F-12B2178EE943}.Release|Any CPU.Build.0 = Release|Any CPU
	EndGlobalSection
	GlobalSection(SolutionProperties) = preSolution
		HideSolutionNode = FALSE
	EndGlobalSection
	GlobalSection(NestedProjects) = preSolution
		{AAF481CF-94FA-48E6-A302-3DD1DCBFBDE9} = {31F12765-47A2-4193-9C9B-090249064538}
		{AC8B60E3-C3BE-4699-8EA5-41F08607A6F1} = {31F12765-47A2-4193-9C9B-090249064538}
		{5F0B770D-F659-4605-AC7A-E037CDFBA43A} = {31F12765-47A2-4193-9C9B-090249064538}
		{41D8521B-0180-44AE-9282-2E90DA37A1B1} = {C6AA7548-9A38-4B2F-857A-98D0A0CF929E}
		{8456B526-6167-442F-BFE2-83120F354308} = {C6AA7548-9A38-4B2F-857A-98D0A0CF929E}
		{9785C838-6536-46C3-8E92-8D3B570BB565} = {C6AA7548-9A38-4B2F-857A-98D0A0CF929E}
		{6585C580-612E-4B87-A169-55DECE479C40} = {C6AA7548-9A38-4B2F-857A-98D0A0CF929E}
		{BAB00BF5-40B9-49EC-8D5D-4D7FAB3F95E9} = {BD76A78B-9170-40D9-B989-F066A52DC756}
		{51729BB9-6DFD-4739-864F-12B2178EE943} = {BD76A78B-9170-40D9-B989-F066A52DC756}
	EndGlobalSection
	GlobalSection(ExtensibilityGlobals) = postSolution
		SolutionGuid = {44A3A921-F735-4C8F-AC12-29D971150B1C}
	EndGlobalSection
EndGlobal
